
Microsoft Visual Studio Solution File, Format Version 12.00
# Visual Studio 15
VisualStudioVersion = 15.0.28307.271
MinimumVisualStudioVersion = 10.0.40219.1
Project("{FAE04EC0-301F-11D3-BF4B-00C04F79EFBC}") = "ims.data", "ims.data\ims.data.csproj", "{F5B76254-DD32-488D-8D08-02C18C27F5BA}"
EndProject
Project("{FAE04EC0-301F-11D3-BF4B-00C04F79EFBC}") = "ims.domain", "ims.domain\ims.domain.csproj", "{F2FEE4A4-E7B2-4F66-B7AC-5B88A0F524DA}"
EndProject
Project("{FAE04EC0-301F-11D3-BF4B-00C04F79EFBC}") = "ims.api", "ims.api\ims.api.csproj", "{B0F61E7D-EC6F-4455-BD8B-DA3615B2CCA1}"
EndProject
Global
	GlobalSection(SolutionConfigurationPlatforms) = preSolution
		Debug|Any CPU = Debug|Any CPU
		Release|Any CPU = Release|Any CPU
	EndGlobalSection
	GlobalSection(ProjectConfigurationPlatforms) = postSolution
		{F5B76254-DD32-488D-8D08-02C18C27F5BA}.Debug|Any CPU.ActiveCfg = Debug|Any CPU
		{F5B76254-DD32-488D-8D08-02C18C27F5BA}.Debug|Any CPU.Build.0 = Debug|Any CPU
		{F5B76254-DD32-488D-8D08-02C18C27F5BA}.Release|Any CPU.ActiveCfg = Release|Any CPU
		{F5B76254-DD32-488D-8D08-02C18C27F5BA}.Release|Any CPU.Build.0 = Release|Any CPU
		{F2FEE4A4-E7B2-4F66-B7AC-5B88A0F524DA}.Debug|Any CPU.ActiveCfg = Debug|Any CPU
		{F2FEE4A4-E7B2-4F66-B7AC-5B88A0F524DA}.Debug|Any CPU.Build.0 = Debug|Any CPU
		{F2FEE4A4-E7B2-4F66-B7AC-5B88A0F524DA}.Release|Any CPU.ActiveCfg = Release|Any CPU
		{F2FEE4A4-E7B2-4F66-B7AC-5B88A0F524DA}.Release|Any CPU.Build.0 = Release|Any CPU
		{B0F61E7D-EC6F-4455-BD8B-DA3615B2CCA1}.Debug|Any CPU.ActiveCfg = Debug|Any CPU
		{B0F61E7D-EC6F-4455-BD8B-DA3615B2CCA1}.Debug|Any CPU.Build.0 = Debug|Any CPU
		{B0F61E7D-EC6F-4455-BD8B-DA3615B2CCA1}.Release|Any CPU.ActiveCfg = Release|Any CPU
		{B0F61E7D-EC6F-4455-BD8B-DA3615B2CCA1}.Release|Any CPU.Build.0 = Release|Any CPU
	EndGlobalSection
	GlobalSection(SolutionProperties) = preSolution
		HideSolutionNode = FALSE
	EndGlobalSection
	GlobalSection(ExtensibilityGlobals) = postSolution
		SolutionGuid = {8E73D620-18BD-4B7C-A472-C6BBCD1ED221}
	EndGlobalSection
EndGlobal
